
Microsoft Visual Studio Solution File, Format Version 12.00
# Visual Studio Version 17
VisualStudioVersion = 17.14.36414.22
MinimumVisualStudioVersion = 10.0.40219.1
Project("{FAE04EC0-301F-11D3-BF4B-00C04F79EFBC}") = "PracticeFramework", "PracticeFramework\PracticeFramework.csproj", "{0C063689-BA81-4424-8CD6-2379F8137ED5}"
EndProject
Project("{FAE04EC0-301F-11D3-BF4B-00C04F79EFBC}") = "Task2", "Task2\Task2.csproj", "{D3D4080A-F8C3-44D6-AF50-F6E5B02DC828}"
EndProject
Global
	GlobalSection(SolutionConfigurationPlatforms) = preSolution
		Debug|Any CPU = Debug|Any CPU
		Release|Any CPU = Release|Any CPU
	EndGlobalSection
	GlobalSection(ProjectConfigurationPlatforms) = postSolution
		{0C063689-BA81-4424-8CD6-2379F8137ED5}.Debug|Any CPU.ActiveCfg = Debug|Any CPU
		{0C063689-BA81-4424-8CD6-2379F8137ED5}.Debug|Any CPU.Build.0 = Debug|Any CPU
		{0C063689-BA81-4424-8CD6-2379F8137ED5}.Release|Any CPU.ActiveCfg = Release|Any CPU
		{0C063689-BA81-4424-8CD6-2379F8137ED5}.Release|Any CPU.Build.0 = Release|Any CPU
		{D3D4080A-F8C3-44D6-AF50-F6E5B02DC828}.Debug|Any CPU.ActiveCfg = Debug|Any CPU
		{D3D4080A-F8C3-44D6-AF50-F6E5B02DC828}.Debug|Any CPU.Build.0 = Debug|Any CPU
		{D3D4080A-F8C3-44D6-AF50-F6E5B02DC828}.Release|Any CPU.ActiveCfg = Release|Any CPU
		{D3D4080A-F8C3-44D6-AF50-F6E5B02DC828}.Release|Any CPU.Build.0 = Release|Any CPU
	EndGlobalSection
	GlobalSection(SolutionProperties) = preSolution
		HideSolutionNode = FALSE
	EndGlobalSection
	GlobalSection(ExtensibilityGlobals) = postSolution
		SolutionGuid = {01044278-F69B-4B13-A50B-699BBCA99D8E}
	EndGlobalSection
EndGlobal
